<?xml version="1.0" encoding="utf-8"?>
<Project ToolsVersion="4.0" xmlns="http://schemas.microsoft.com/developer/msbuild/2003">
  <ItemGroup>
    <Filter Include="헤더 파일">
      <UniqueIdentifier>{93995380-89BD-4b04-88EB-625FBE52EBFB}</UniqueIdentifier>
      <Extensions>h;hh;hpp;hxx;h++;hm;inl;inc;ipp;xsd</Extensions>
    </Filter>
    <Filter Include="리소스 파일">
      <UniqueIdentifier>{67DA6AB6-F800-4c08-8B7A-83BB121AAD01}</UniqueIdentifier>
      <Extensions>rc;ico;cur;bmp;dlg;rc2;rct;bin;rgs;gif;jpg;jpeg;jpe;resx;tiff;tif;png;wav;mfcribbon-ms</Extensions>
    </Filter>
    <Filter Include="리소스 파일\소스 파일">
      <UniqueIdentifier>{4FC737F1-C7A5-4376-A066-2A32D752A2FF}</UniqueIdentifier>
      <Extensions>cpp;c;cc;cxx;c++;cppm;ixx;def;odl;idl;hpj;bat;asm;asmx</Extensions>
    </Filter>
  </ItemGroup>
  <ItemGroup>
    <ClCompile Include="1476.cpp">
      <Filter>리소스 파일\소스 파일</Filter>
    </ClCompile>
    <ClCompile Include="1451.cpp">
      <Filter>리소스 파일\소스 파일</Filter>
    </ClCompile>
    <ClCompile Include="9095.cpp">
      <Filter>리소스 파일\소스 파일</Filter>
    </ClCompile>
    <ClCompile Include="1850.cpp">
      <Filter>리소스 파일\소스 파일</Filter>
    </ClCompile>
    <ClCompile Include="1373.cpp">
      <Filter>리소스 파일\소스 파일</Filter>
    </ClCompile>
    <ClCompile Include="1212.cpp">
      <Filter>리소스 파일\소스 파일</Filter>
    </ClCompile>
    <ClCompile Include="2089.cpp">
      <Filter>리소스 파일\소스 파일</Filter>
    </ClCompile>
    <ClCompile Include="11576.cpp">
      <Filter>리소스 파일\소스 파일</Filter>
    </ClCompile>
    <ClCompile Include="1929.cpp">
      <Filter>리소스 파일\소스 파일</Filter>
    </ClCompile>
    <ClCompile Include="2745.cpp">
      <Filter>리소스 파일\소스 파일</Filter>
    </ClCompile>
    <ClCompile Include="11653.cpp">
      <Filter>리소스 파일\소스 파일</Filter>
    </ClCompile>
    <ClCompile Include="10872.cpp">
      <Filter>리소스 파일\소스 파일</Filter>
    </ClCompile>
    <ClCompile Include="2004.cpp">
      <Filter>리소스 파일\소스 파일</Filter>
    </ClCompile>
    <ClCompile Include="10866.cpp">
      <Filter>리소스 파일\소스 파일</Filter>
    </ClCompile>
    <ClCompile Include="10799.cpp">
      <Filter>리소스 파일\소스 파일</Filter>
    </ClCompile>
    <ClCompile Include="10825.cpp">
      <Filter>리소스 파일\소스 파일</Filter>
    </ClCompile>
    <ClCompile Include="11652.cpp">
      <Filter>리소스 파일\소스 파일</Filter>
    </ClCompile>
    <ClCompile Include="11004.cpp">
      <Filter>리소스 파일\소스 파일</Filter>
    </ClCompile>
    <ClCompile Include="1406.cpp">
      <Filter>리소스 파일\소스 파일</Filter>
    </ClCompile>
    <ClCompile Include="1158.cpp">
      <Filter>리소스 파일\소스 파일</Filter>
    </ClCompile>
    <ClCompile Include="bfs dfs.cpp">
      <Filter>리소스 파일\소스 파일</Filter>
    </ClCompile>
    <ClCompile Include="11724.cpp">
      <Filter>리소스 파일\소스 파일</Filter>
    </ClCompile>
    <ClCompile Include="10451.cpp">
      <Filter>리소스 파일\소스 파일</Filter>
    </ClCompile>
    <ClCompile Include="2331.cpp">
      <Filter>리소스 파일\소스 파일</Filter>
    </ClCompile>
    <ClCompile Include="1991.cpp">
      <Filter>리소스 파일\소스 파일</Filter>
    </ClCompile>
    <ClCompile Include="9466.cpp">
      <Filter>리소스 파일\소스 파일</Filter>
    </ClCompile>
    <ClCompile Include="9466(2).cpp">
      <Filter>리소스 파일\소스 파일</Filter>
    </ClCompile>
    <ClCompile Include="1167.cpp">
      <Filter>리소스 파일\소스 파일</Filter>
    </ClCompile>
    <ClCompile Include="11725.cpp">
      <Filter>리소스 파일\소스 파일</Filter>
    </ClCompile>
    <ClCompile Include="7576.cpp">
      <Filter>리소스 파일\소스 파일</Filter>
    </ClCompile>
    <ClCompile Include="2667.cpp">
      <Filter>리소스 파일\소스 파일</Filter>
    </ClCompile>
    <ClCompile Include="2178.cpp">
      <Filter>리소스 파일\소스 파일</Filter>
    </ClCompile>
    <ClCompile Include="4963.cpp">
      <Filter>리소스 파일\소스 파일</Filter>
    </ClCompile>
    <ClCompile Include="11047.cpp">
      <Filter>리소스 파일\소스 파일</Filter>
    </ClCompile>
    <ClCompile Include="2875.cpp">
      <Filter>리소스 파일\소스 파일</Filter>
    </ClCompile>
    <ClCompile Include="10610.cpp">
      <Filter>리소스 파일\소스 파일</Filter>
    </ClCompile>
    <ClCompile Include="1783.cpp">
      <Filter>리소스 파일\소스 파일</Filter>
    </ClCompile>
    <ClCompile Include="11399.cpp">
      <Filter>리소스 파일\소스 파일</Filter>
    </ClCompile>
    <ClCompile Include="1931.cpp">
      <Filter>리소스 파일\소스 파일</Filter>
    </ClCompile>
    <ClCompile Include="1744.cpp">
      <Filter>리소스 파일\소스 파일</Filter>
    </ClCompile>
    <ClCompile Include="10819.cpp">
      <Filter>리소스 파일\소스 파일</Filter>
    </ClCompile>
    <ClCompile Include="1525.cpp">
      <Filter>리소스 파일\소스 파일</Filter>
    </ClCompile>
    <ClCompile Include="1182.cpp">
      <Filter>리소스 파일\소스 파일</Filter>
    </ClCompile>
    <ClCompile Include="2003.cpp">
      <Filter>리소스 파일\소스 파일</Filter>
    </ClCompile>
    <ClCompile Include="1208.cpp">
      <Filter>리소스 파일\소스 파일</Filter>
    </ClCompile>
    <ClCompile Include="2143.cpp">
      <Filter>리소스 파일\소스 파일</Filter>
    </ClCompile>
    <ClCompile Include="2839.cpp">
      <Filter>리소스 파일\소스 파일</Filter>
    </ClCompile>
    <ClCompile Include="1463.cpp">
      <Filter>리소스 파일\소스 파일</Filter>
    </ClCompile>
    <ClCompile Include="11052.cpp">
      <Filter>리소스 파일\소스 파일</Filter>
    </ClCompile>
    <ClCompile Include="1261.cpp">
      <Filter>리소스 파일\소스 파일</Filter>
    </ClCompile>
    <ClCompile Include="6603.cpp">
      <Filter>리소스 파일\소스 파일</Filter>
    </ClCompile>
    <ClCompile Include="2251.cpp">
      <Filter>리소스 파일\소스 파일</Filter>
    </ClCompile>
    <ClCompile Include="2632.cpp">
      <Filter>리소스 파일\소스 파일</Filter>
    </ClCompile>
    <ClCompile Include="1987.cpp">
      <Filter>리소스 파일\소스 파일</Filter>
    </ClCompile>
    <ClCompile Include="15595.cpp">
      <Filter>리소스 파일\소스 파일</Filter>
    </ClCompile>
    <ClCompile Include="1644.cpp">
      <Filter>리소스 파일\소스 파일</Filter>
    </ClCompile>
    <ClCompile Include="2580.cpp">
      <Filter>리소스 파일\소스 파일</Filter>
    </ClCompile>
    <ClCompile Include="1107.cpp">
      <Filter>리소스 파일\소스 파일</Filter>
    </ClCompile>
    <ClCompile Include="1697.cpp">
      <Filter>리소스 파일\소스 파일</Filter>
    </ClCompile>
    <ClCompile Include="1963.cpp">
      <Filter>리소스 파일\소스 파일</Filter>
    </ClCompile>
    <ClCompile Include="9019.cpp">
      <Filter>리소스 파일\소스 파일</Filter>
    </ClCompile>
    <ClCompile Include="1759.cpp">
      <Filter>리소스 파일\소스 파일</Filter>
    </ClCompile>
    <ClCompile Include="1806.cpp">
      <Filter>리소스 파일\소스 파일</Filter>
    </ClCompile>
    <ClCompile Include="easy.cpp">
      <Filter>리소스 파일\소스 파일</Filter>
    </ClCompile>
    <ClCompile Include="2309.cpp">
      <Filter>리소스 파일\소스 파일</Filter>
    </ClCompile>
    <ClCompile Include="3085.cpp">
      <Filter>리소스 파일\소스 파일</Filter>
    </ClCompile>
    <ClCompile Include="14500.cpp">
      <Filter>리소스 파일\소스 파일</Filter>
    </ClCompile>
    <ClCompile Include="6064.cpp">
      <Filter>리소스 파일\소스 파일</Filter>
    </ClCompile>
    <ClCompile Include="15649.cpp">
      <Filter>리소스 파일\소스 파일</Filter>
    </ClCompile>
    <ClCompile Include="15650.cpp">
      <Filter>리소스 파일\소스 파일</Filter>
    </ClCompile>
    <ClCompile Include="15651.cpp">
      <Filter>리소스 파일\소스 파일</Filter>
    </ClCompile>
    <ClCompile Include="15652.cpp">
      <Filter>리소스 파일\소스 파일</Filter>
    </ClCompile>
    <ClCompile Include="18290.cpp">
      <Filter>리소스 파일\소스 파일</Filter>
    </ClCompile>
    <ClCompile Include="1759(2).cpp">
      <Filter>리소스 파일\소스 파일</Filter>
    </ClCompile>
    <ClCompile Include="14501.cpp">
      <Filter>리소스 파일\소스 파일</Filter>
    </ClCompile>
    <ClCompile Include="14889.cpp">
      <Filter>리소스 파일\소스 파일</Filter>
    </ClCompile>
    <ClCompile Include="15661.cpp">
      <Filter>리소스 파일\소스 파일</Filter>
    </ClCompile>
    <ClCompile Include="2529.cpp">
      <Filter>리소스 파일\소스 파일</Filter>
    </ClCompile>
    <ClCompile Include="1248.cpp">
      <Filter>리소스 파일\소스 파일</Filter>
    </ClCompile>
    <ClCompile Include="10972.cpp">
      <Filter>리소스 파일\소스 파일</Filter>
    </ClCompile>
    <ClCompile Include="10971.cpp">
      <Filter>리소스 파일\소스 파일</Filter>
    </ClCompile>
    <ClCompile Include="11726.cpp">
      <Filter>리소스 파일\소스 파일</Filter>
    </ClCompile>
    <ClCompile Include="9095(2).cpp">
      <Filter>리소스 파일\소스 파일</Filter>
    </ClCompile>
    <ClCompile Include="16194.cpp">
      <Filter>리소스 파일\소스 파일</Filter>
    </ClCompile>
    <ClCompile Include="15990.cpp">
      <Filter>리소스 파일\소스 파일</Filter>
    </ClCompile>
    <ClCompile Include="11053.cpp">
      <Filter>리소스 파일\소스 파일</Filter>
    </ClCompile>
    <ClCompile Include="14002.cpp">
      <Filter>리소스 파일\소스 파일</Filter>
    </ClCompile>
    <ClCompile Include="1912.cpp">
      <Filter>리소스 파일\소스 파일</Filter>
    </ClCompile>
    <ClCompile Include="1699.cpp">
      <Filter>리소스 파일\소스 파일</Filter>
    </ClCompile>
    <ClCompile Include="2225.cpp">
      <Filter>리소스 파일\소스 파일</Filter>
    </ClCompile>
    <ClCompile Include="15988.cpp">
      <Filter>리소스 파일\소스 파일</Filter>
    </ClCompile>
    <ClCompile Include="1149.cpp">
      <Filter>리소스 파일\소스 파일</Filter>
    </ClCompile>
    <ClCompile Include="1309.cpp">
      <Filter>리소스 파일\소스 파일</Filter>
    </ClCompile>
    <ClCompile Include="11057.cpp">
      <Filter>리소스 파일\소스 파일</Filter>
    </ClCompile>
    <ClCompile Include="658.cpp">
      <Filter>리소스 파일\소스 파일</Filter>
    </ClCompile>
    <ClCompile Include="1932.cpp">
      <Filter>리소스 파일\소스 파일</Filter>
    </ClCompile>
    <ClCompile Include="11055.cpp">
      <Filter>리소스 파일\소스 파일</Filter>
    </ClCompile>
    <ClCompile Include="11722.cpp">
      <Filter>리소스 파일\소스 파일</Filter>
    </ClCompile>
    <ClCompile Include="11054.cpp">
      <Filter>리소스 파일\소스 파일</Filter>
    </ClCompile>
    <ClCompile Include="13398.cpp">
      <Filter>리소스 파일\소스 파일</Filter>
    </ClCompile>
    <ClCompile Include="10845.cpp">
      <Filter>리소스 파일\소스 파일</Filter>
    </ClCompile>
    <ClCompile Include="13023.cpp">
      <Filter>리소스 파일\소스 파일</Filter>
    </ClCompile>
    <ClCompile Include="1260.cpp">
      <Filter>리소스 파일\소스 파일</Filter>
    </ClCompile>
    <ClCompile Include="11724(2).cpp">
      <Filter>리소스 파일\소스 파일</Filter>
    </ClCompile>
    <ClCompile Include="2667(2).cpp">
      <Filter>리소스 파일\소스 파일</Filter>
    </ClCompile>
    <ClCompile Include="2178(2).cpp">
      <Filter>리소스 파일\소스 파일</Filter>
    </ClCompile>
    <ClCompile Include="7576(2).cpp">
      <Filter>리소스 파일\소스 파일</Filter>
    </ClCompile>
    <ClCompile Include="7562.cpp">
      <Filter>리소스 파일\소스 파일</Filter>
    </ClCompile>
    <ClCompile Include="1697(2).cpp">
      <Filter>리소스 파일\소스 파일</Filter>
    </ClCompile>
    <ClCompile Include="13913.cpp">
      <Filter>리소스 파일\소스 파일</Filter>
    </ClCompile>
    <ClCompile Include="16935.cpp">
      <Filter>리소스 파일\소스 파일</Filter>
    </ClCompile>
    <ClCompile Include="16926.cpp">
      <Filter>리소스 파일\소스 파일</Filter>
    </ClCompile>
    <ClCompile Include="14499.cpp">
      <Filter>리소스 파일\소스 파일</Filter>
    </ClCompile>
    <ClCompile Include="15662.cpp">
      <Filter>리소스 파일\소스 파일</Filter>
    </ClCompile>
    <ClCompile Include="14503.cpp">
      <Filter>리소스 파일\소스 파일</Filter>
    </ClCompile>
    <ClCompile Include="10844.cpp">
      <Filter>리소스 파일\소스 파일</Filter>
    </ClCompile>
    <ClCompile Include="2193.cpp">
      <Filter>리소스 파일\소스 파일</Filter>
    </ClCompile>
    <ClCompile Include="9465.cpp">
      <Filter>리소스 파일\소스 파일</Filter>
    </ClCompile>
    <ClCompile Include="2579.cpp">
      <Filter>리소스 파일\소스 파일</Filter>
    </ClCompile>
    <ClCompile Include="6603(2).cpp">
      <Filter>리소스 파일\소스 파일</Filter>
    </ClCompile>
    <ClCompile Include="1182(2).cpp">
      <Filter>리소스 파일\소스 파일</Filter>
    </ClCompile>
    <ClCompile Include="14225.cpp">
      <Filter>리소스 파일\소스 파일</Filter>
    </ClCompile>
    <ClCompile Include="14888.cpp">
      <Filter>리소스 파일\소스 파일</Filter>
    </ClCompile>
    <ClCompile Include="14500(2).cpp">
      <Filter>리소스 파일\소스 파일</Filter>
    </ClCompile>
    <ClCompile Include="9461.cpp">
      <Filter>리소스 파일\소스 파일</Filter>
    </ClCompile>
    <ClCompile Include="2011.cpp">
      <Filter>리소스 파일\소스 파일</Filter>
    </ClCompile>
    <ClCompile Include="16197.cpp">
      <Filter>리소스 파일\소스 파일</Filter>
    </ClCompile>
    <ClCompile Include="16198.cpp">
      <Filter>리소스 파일\소스 파일</Filter>
    </ClCompile>
    <ClCompile Include="2529(2).cpp">
      <Filter>리소스 파일\소스 파일</Filter>
    </ClCompile>
    <ClCompile Include="1339.cpp">
      <Filter>리소스 파일\소스 파일</Filter>
    </ClCompile>
    <ClCompile Include="14888(2).cpp">
      <Filter>리소스 파일\소스 파일</Filter>
    </ClCompile>
    <ClCompile Include="1489(2).cpp">
      <Filter>리소스 파일\소스 파일</Filter>
    </ClCompile>
    <ClCompile Include="16929.cpp">
      <Filter>리소스 파일\소스 파일</Filter>
    </ClCompile>
    <ClCompile Include="16929(2).cpp">
      <Filter>리소스 파일\소스 파일</Filter>
    </ClCompile>
    <ClCompile Include="16947.cpp">
      <Filter>리소스 파일\소스 파일</Filter>
    </ClCompile>
    <ClCompile Include="16940.cpp">
      <Filter>리소스 파일\소스 파일</Filter>
    </ClCompile>
    <ClCompile Include="16928.cpp">
      <Filter>리소스 파일\소스 파일</Filter>
    </ClCompile>
    <ClCompile Include="12886.cpp">
      <Filter>리소스 파일\소스 파일</Filter>
    </ClCompile>
    <ClCompile Include="16948.cpp">
      <Filter>리소스 파일\소스 파일</Filter>
    </ClCompile>
    <ClCompile Include="14502.cpp">
      <Filter>리소스 파일\소스 파일</Filter>
    </ClCompile>
    <ClCompile Include="2206.cpp">
      <Filter>리소스 파일\소스 파일</Filter>
    </ClCompile>
    <ClCompile Include="16946.cpp">
      <Filter>리소스 파일\소스 파일</Filter>
    </ClCompile>
    <ClCompile Include="14442.cpp">
      <Filter>리소스 파일\소스 파일</Filter>
    </ClCompile>
    <ClCompile Include="16933.cpp">
      <Filter>리소스 파일\소스 파일</Filter>
    </ClCompile>
    <ClCompile Include="16954.cpp">
      <Filter>리소스 파일\소스 파일</Filter>
    </ClCompile>
    <ClCompile Include="6087.cpp">
      <Filter>리소스 파일\소스 파일</Filter>
    </ClCompile>
    <ClCompile Include="1963(2).cpp">
      <Filter>리소스 파일\소스 파일</Filter>
    </ClCompile>
    <ClCompile Include="10026.cpp">
      <Filter>리소스 파일\소스 파일</Filter>
    </ClCompile>
    <ClCompile Include="%28위상정렬%292056.cpp">
      <Filter>리소스 파일\소스 파일</Filter>
    </ClCompile>
    <ClCompile Include="%28MST%291197.cpp">
      <Filter>리소스 파일\소스 파일</Filter>
    </ClCompile>
    <ClCompile Include="1629.cpp">
      <Filter>리소스 파일\소스 파일</Filter>
    </ClCompile>
    <ClCompile Include="%28dijkstra%291753.cpp">
      <Filter>리소스 파일\소스 파일</Filter>
    </ClCompile>
    <ClCompile Include="13549.cpp">
      <Filter>리소스 파일\소스 파일</Filter>
    </ClCompile>
    <ClCompile Include="%28위상정렬%291005.cpp">
      <Filter>리소스 파일\소스 파일</Filter>
    </ClCompile>
    <ClCompile Include="16953.cpp">
      <Filter>리소스 파일\소스 파일</Filter>
    </ClCompile>
    <ClCompile Include="14395.cpp">
      <Filter>리소스 파일\소스 파일</Filter>
    </ClCompile>
    <ClCompile Include="5014.cpp">
      <Filter>리소스 파일\소스 파일</Filter>
    </ClCompile>
    <ClCompile Include="9376.cpp">
      <Filter>리소스 파일\소스 파일</Filter>
    </ClCompile>
    <ClCompile Include="1600.cpp">
      <Filter>리소스 파일\소스 파일</Filter>
    </ClCompile>
    <ClCompile Include="17086.cpp">
      <Filter>리소스 파일\소스 파일</Filter>
    </ClCompile>
    <ClCompile Include="4991.cpp">
      <Filter>리소스 파일\소스 파일</Filter>
    </ClCompile>
    <ClCompile Include="2234.cpp">
      <Filter>리소스 파일\소스 파일</Filter>
    </ClCompile>
    <ClCompile Include="2021.cpp">
      <Filter>리소스 파일\소스 파일</Filter>
    </ClCompile>
    <ClCompile Include="17141.cpp">
      <Filter>리소스 파일\소스 파일</Filter>
    </ClCompile>
    <ClCompile Include="17142.cpp">
      <Filter>리소스 파일\소스 파일</Filter>
    </ClCompile>
    <ClCompile Include="15663.cpp">
      <Filter>리소스 파일\소스 파일</Filter>
    </ClCompile>
    <ClCompile Include="2096.cpp">
      <Filter>리소스 파일\소스 파일</Filter>
    </ClCompile>
    <ClCompile Include="12865.cpp">
      <Filter>리소스 파일\소스 파일</Filter>
    </ClCompile>
    <ClCompile Include="1003.cpp">
      <Filter>리소스 파일\소스 파일</Filter>
    </ClCompile>
    <ClCompile Include="15666.cpp">
      <Filter>리소스 파일\소스 파일</Filter>
    </ClCompile>
    <ClCompile Include="12851.cpp">
      <Filter>리소스 파일\소스 파일</Filter>
    </ClCompile>
    <ClCompile Include="17144.cpp">
      <Filter>리소스 파일\소스 파일</Filter>
    </ClCompile>
    <ClCompile Include="1012.cpp">
      <Filter>리소스 파일\소스 파일</Filter>
    </ClCompile>
    <ClCompile Include="2407.cpp">
      <Filter>리소스 파일\소스 파일</Filter>
    </ClCompile>
    <ClCompile Include="1182(3).cpp">
      <Filter>리소스 파일\소스 파일</Filter>
    </ClCompile>
    <ClCompile Include="2606.cpp">
      <Filter>리소스 파일\소스 파일</Filter>
    </ClCompile>
    <ClCompile Include="7569.cpp">
      <Filter>리소스 파일\소스 파일</Filter>
    </ClCompile>
    <ClCompile Include="1707.cpp">
      <Filter>리소스 파일\소스 파일</Filter>
    </ClCompile>
    <ClCompile Include="5639.cpp">
      <Filter>리소스 파일\소스 파일</Filter>
    </ClCompile>
    <ClCompile Include="11660.cpp">
      <Filter>리소스 파일\소스 파일</Filter>
    </ClCompile>
    <ClCompile Include="17487.cpp">
      <Filter>리소스 파일\소스 파일</Filter>
    </ClCompile>
    <ClCompile Include="17488.cpp">
      <Filter>리소스 파일\소스 파일</Filter>
    </ClCompile>
    <ClCompile Include="17489.cpp">
      <Filter>리소스 파일\소스 파일</Filter>
    </ClCompile>
    <ClCompile Include="17495.cpp">
      <Filter>리소스 파일\소스 파일</Filter>
    </ClCompile>
    <ClCompile Include="17495 답.cpp">
      <Filter>리소스 파일\소스 파일</Filter>
    </ClCompile>
    <ClCompile Include="17495(2).cpp">
      <Filter>리소스 파일\소스 파일</Filter>
    </ClCompile>
    <ClCompile Include="11048.cpp">
      <Filter>리소스 파일\소스 파일</Filter>
    </ClCompile>
    <ClCompile Include="11060.cpp">
      <Filter>리소스 파일\소스 파일</Filter>
    </ClCompile>
    <ClCompile Include="10942.cpp">
      <Filter>리소스 파일\소스 파일</Filter>
    </ClCompile>
    <ClCompile Include="15989.cpp">
      <Filter>리소스 파일\소스 파일</Filter>
    </ClCompile>
    <ClCompile Include="11066.cpp">
      <Filter>리소스 파일\소스 파일</Filter>
    </ClCompile>
    <ClCompile Include="1495.cpp">
      <Filter>리소스 파일\소스 파일</Filter>
    </ClCompile>
    <ClCompile Include="9663.cpp">
      <Filter>리소스 파일\소스 파일</Filter>
    </ClCompile>
    <ClCompile Include="17070.cpp">
      <Filter>리소스 파일\소스 파일</Filter>
    </ClCompile>
    <ClCompile Include="1916.cpp">
      <Filter>리소스 파일\소스 파일</Filter>
    </ClCompile>
    <ClCompile Include="2146.cpp">
      <Filter>리소스 파일\소스 파일</Filter>
    </ClCompile>
    <ClCompile Include="2186.cpp">
      <Filter>리소스 파일\소스 파일</Filter>
    </ClCompile>
    <ClCompile Include="12869.cpp">
      <Filter>리소스 파일\소스 파일</Filter>
    </ClCompile>
    <ClCompile Include="10422.cpp">
      <Filter>리소스 파일\소스 파일</Filter>
    </ClCompile>
    <ClCompile Include="2293.cpp">
      <Filter>리소스 파일\소스 파일</Filter>
    </ClCompile>
    <ClCompile Include="2294.cpp">
      <Filter>리소스 파일\소스 파일</Filter>
    </ClCompile>
    <ClCompile Include="9251.cpp">
      <Filter>리소스 파일\소스 파일</Filter>
    </ClCompile>
    <ClCompile Include="%28LCS%299252.cpp">
      <Filter>리소스 파일\소스 파일</Filter>
    </ClCompile>
    <ClCompile Include="5582.cpp">
      <Filter>리소스 파일\소스 파일</Filter>
    </ClCompile>
    <ClCompile Include="5557.cpp">
      <Filter>리소스 파일\소스 파일</Filter>
    </ClCompile>
    <ClCompile Include="1918.cpp">
      <Filter>리소스 파일\소스 파일</Filter>
    </ClCompile>
    <ClCompile Include="16234.cpp">
      <Filter>리소스 파일\소스 파일</Filter>
    </ClCompile>
    <ClCompile Include="16235.cpp">
      <Filter>리소스 파일\소스 파일</Filter>
    </ClCompile>
    <ClCompile Include="18119.cpp">
      <Filter>리소스 파일\소스 파일</Filter>
    </ClCompile>
    <ClCompile Include="17143.cpp">
      <Filter>리소스 파일\소스 파일</Filter>
    </ClCompile>
    <ClCompile Include="17140.cpp">
      <Filter>리소스 파일\소스 파일</Filter>
    </ClCompile>
    <ClCompile Include="17780.cpp">
      <Filter>리소스 파일\소스 파일</Filter>
    </ClCompile>
    <ClCompile Include="17822.cpp">
      <Filter>리소스 파일\소스 파일</Filter>
    </ClCompile>
    <ClCompile Include="17837.cpp">
      <Filter>리소스 파일\소스 파일</Filter>
    </ClCompile>
    <ClCompile Include="16939.cpp">
      <Filter>리소스 파일\소스 파일</Filter>
    </ClCompile>
    <ClCompile Include="16974.cpp">
      <Filter>리소스 파일\소스 파일</Filter>
    </ClCompile>
    <ClCompile Include="%28미완%2919236.cpp">
      <Filter>리소스 파일\소스 파일</Filter>
    </ClCompile>
    <ClCompile Include="2467.cpp">
      <Filter>리소스 파일\소스 파일</Filter>
    </ClCompile>
    <ClCompile Include="%28미완%292342.cpp">
      <Filter>리소스 파일\소스 파일</Filter>
    </ClCompile>
    <ClCompile Include="12100.cpp">
      <Filter>리소스 파일\소스 파일</Filter>
    </ClCompile>
    <ClCompile Include="16968.cpp">
      <Filter>리소스 파일\소스 파일</Filter>
    </ClCompile>
    <ClCompile Include="16917.cpp">
      <Filter>리소스 파일\소스 파일</Filter>
    </ClCompile>
    <ClCompile Include="16922.cpp">
      <Filter>리소스 파일\소스 파일</Filter>
    </ClCompile>
    <ClCompile Include="16924.cpp">
      <Filter>리소스 파일\소스 파일</Filter>
    </ClCompile>
    <ClCompile Include="%28미완%291766.cpp">
      <Filter>리소스 파일\소스 파일</Filter>
    </ClCompile>
    <ClCompile Include="1007.cpp">
      <Filter>리소스 파일\소스 파일</Filter>
    </ClCompile>
    <ClCompile Include="2166.cpp">
      <Filter>리소스 파일\소스 파일</Filter>
    </ClCompile>
    <ClCompile Include="16936.cpp">
      <Filter>리소스 파일\소스 파일</Filter>
    </ClCompile>
    <ClCompile Include="16938.cpp">
      <Filter>리소스 파일\소스 파일</Filter>
    </ClCompile>
    <ClCompile Include="16943.cpp">
      <Filter>리소스 파일\소스 파일</Filter>
    </ClCompile>
    <ClCompile Include="16937.cpp">
      <Filter>리소스 파일\소스 파일</Filter>
    </ClCompile>
    <ClCompile Include="16637.cpp">
      <Filter>리소스 파일\소스 파일</Filter>
    </ClCompile>
    <ClCompile Include="15683.cpp">
      <Filter>리소스 파일\소스 파일</Filter>
    </ClCompile>
    <ClCompile Include="17088.cpp">
      <Filter>리소스 파일\소스 파일</Filter>
    </ClCompile>
    <ClCompile Include="15686.cpp">
      <Filter>리소스 파일\소스 파일</Filter>
    </ClCompile>
    <ClCompile Include="2210.cpp">
      <Filter>리소스 파일\소스 파일</Filter>
    </ClCompile>
    <ClCompile Include="2422.cpp">
      <Filter>리소스 파일\소스 파일</Filter>
    </ClCompile>
    <ClCompile Include="17089.cpp">
      <Filter>리소스 파일\소스 파일</Filter>
    </ClCompile>
    <ClCompile Include="%28미완%2917406.cpp">
      <Filter>리소스 파일\소스 파일</Filter>
    </ClCompile>
    <ClCompile Include="17135.cpp">
      <Filter>리소스 파일\소스 파일</Filter>
    </ClCompile>
    <ClCompile Include="2623.cpp">
      <Filter>리소스 파일\소스 파일</Filter>
    </ClCompile>
    <ClCompile Include="%28미완%297579.cpp">
      <Filter>리소스 파일\소스 파일</Filter>
    </ClCompile>
    <ClCompile Include="2239.cpp">
      <Filter>리소스 파일\소스 파일</Filter>
    </ClCompile>
    <ClCompile Include="17281.cpp">
      <Filter>리소스 파일\소스 파일</Filter>
    </ClCompile>
    <ClCompile Include="12852.cpp">
      <Filter>리소스 파일\소스 파일</Filter>
    </ClCompile>
    <ClCompile Include="10775.cpp">
      <Filter>리소스 파일\소스 파일</Filter>
    </ClCompile>
    <ClCompile Include="17069.cpp">
      <Filter>리소스 파일\소스 파일</Filter>
    </ClCompile>
    <ClCompile Include="16988.cpp">
      <Filter>리소스 파일\소스 파일</Filter>
    </ClCompile>
    <ClCompile Include="17779.cpp">
      <Filter>리소스 파일\소스 파일</Filter>
    </ClCompile>
    <ClCompile Include="%28미완%291799.cpp">
      <Filter>리소스 파일\소스 파일</Filter>
    </ClCompile>
    <ClCompile Include="%28미완%2916638.cpp">
      <Filter>리소스 파일\소스 파일</Filter>
    </ClCompile>
    <ClCompile Include="13458.cpp">
      <Filter>리소스 파일\소스 파일</Filter>
    </ClCompile>
    <ClCompile Include="20055.cpp">
      <Filter>리소스 파일\소스 파일</Filter>
    </ClCompile>
    <ClCompile Include="17085.cpp">
      <Filter>리소스 파일\소스 파일</Filter>
    </ClCompile>
    <ClCompile Include="17825.cpp">
      <Filter>리소스 파일\소스 파일</Filter>
    </ClCompile>
    <ClCompile Include="21608.cpp">
      <Filter>리소스 파일\소스 파일</Filter>
    </ClCompile>
    <ClCompile Include="15685.cpp">
      <Filter>리소스 파일\소스 파일</Filter>
    </ClCompile>
  </ItemGroup>
</Project>